
Microsoft Visual Studio Solution File, Format Version 12.00
# Visual Studio Version 17
VisualStudioVersion = 17.6.33712.159
MinimumVisualStudioVersion = 10.0.40219.1
Project("{FAE04EC0-301F-11D3-BF4B-00C04F79EFBC}") = "Stripe_Payment_Server", "Stripe_Payment_Server\Stripe_Payment_Server.csproj", "{E7D460E0-2A67-4058-B079-5DE259FB8E4E}"
EndProject
Project("{FAE04EC0-301F-11D3-BF4B-00C04F79EFBC}") = "Stripe_Payment_Client", "Stripe_Payment_Client\Stripe_Payment_Client.csproj", "{5DAB4B34-21B3-4AB5-BBD4-11C715E5DEC7}"
EndProject
Project("{FAE04EC0-301F-11D3-BF4B-00C04F79EFBC}") = "Stripe_Payment_Core", "Stripe_Payment_Core\Stripe_Payment_Core.csproj", "{BE758C07-FEA2-4D63-91B1-58C4EF691609}"
EndProject
Global
	GlobalSection(SolutionConfigurationPlatforms) = preSolution
		Debug|Any CPU = Debug|Any CPU
		Release|Any CPU = Release|Any CPU
	EndGlobalSection
	GlobalSection(ProjectConfigurationPlatforms) = postSolution
		{E7D460E0-2A67-4058-B079-5DE259FB8E4E}.Debug|Any CPU.ActiveCfg = Debug|Any CPU
		{E7D460E0-2A67-4058-B079-5DE259FB8E4E}.Debug|Any CPU.Build.0 = Debug|Any CPU
		{E7D460E0-2A67-4058-B079-5DE259FB8E4E}.Release|Any CPU.ActiveCfg = Release|Any CPU
		{E7D460E0-2A67-4058-B079-5DE259FB8E4E}.Release|Any CPU.Build.0 = Release|Any CPU
		{5DAB4B34-21B3-4AB5-BBD4-11C715E5DEC7}.Debug|Any CPU.ActiveCfg = Debug|Any CPU
		{5DAB4B34-21B3-4AB5-BBD4-11C715E5DEC7}.Debug|Any CPU.Build.0 = Debug|Any CPU
		{5DAB4B34-21B3-4AB5-BBD4-11C715E5DEC7}.Release|Any CPU.ActiveCfg = Release|Any CPU
		{5DAB4B34-21B3-4AB5-BBD4-11C715E5DEC7}.Release|Any CPU.Build.0 = Release|Any CPU
		{BE758C07-FEA2-4D63-91B1-58C4EF691609}.Debug|Any CPU.ActiveCfg = Debug|Any CPU
		{BE758C07-FEA2-4D63-91B1-58C4EF691609}.Debug|Any CPU.Build.0 = Debug|Any CPU
		{BE758C07-FEA2-4D63-91B1-58C4EF691609}.Release|Any CPU.ActiveCfg = Release|Any CPU
		{BE758C07-FEA2-4D63-91B1-58C4EF691609}.Release|Any CPU.Build.0 = Release|Any CPU
	EndGlobalSection
	GlobalSection(SolutionProperties) = preSolution
		HideSolutionNode = FALSE
	EndGlobalSection
	GlobalSection(ExtensibilityGlobals) = postSolution
		SolutionGuid = {8C804D4D-A98E-494A-A5D4-9815153409C6}
	EndGlobalSection
EndGlobal
